
Microsoft Visual Studio Solution File, Format Version 12.00
# Visual Studio Version 17
VisualStudioVersion = 17.0.31903.59
MinimumVisualStudioVersion = 10.0.40219.1
Project("{2150E333-8FDC-42A3-9474-1A3956D46DE8}") = "Solution items", "Solution items", "{4306E100-6034-4AE6-8AD8-B2A516FC11CF}"
	ProjectSection(SolutionItems) = preProject
		.gitattributes = .gitattributes
		.gitignore = .gitignore
		CHANGELOG.md = CHANGELOG.md
		docker-compose.Dev.Infrastructure.yaml = docker-compose.Dev.Infrastructure.yaml
		LICENSE = LICENSE
		README.md = README.md
	EndProjectSection
EndProject
Project("{2150E333-8FDC-42A3-9474-1A3956D46DE8}") = "Identity", "Identity", "{831A4035-6013-4D11-B005-6B159D7043DD}"
EndProject
Project("{9A19103F-16F7-4668-BE54-9A1E7A4F7556}") = "Identity.API", "Identity\Identity.API\Identity.API.csproj", "{5DF03A5C-ED20-4A60-9251-3C2D36154DC5}"
EndProject
Project("{9A19103F-16F7-4668-BE54-9A1E7A4F7556}") = "Identity.Domain", "Identity\Identity.Domain\Identity.Domain.csproj", "{38C57BD9-24FD-460B-B25A-3A22938AB5C4}"
EndProject
Project("{9A19103F-16F7-4668-BE54-9A1E7A4F7556}") = "Identity.Application", "Identity\Identity.Application\Identity.Application.csproj", "{65EA2248-0FD6-473B-B331-5B17193BDEC4}"
EndProject
Project("{9A19103F-16F7-4668-BE54-9A1E7A4F7556}") = "Identity.Infrastructure", "Identity\Identity.Infrastructure\Identity.Infrastructure.csproj", "{6F98ACE1-F007-4C10-B8E5-9751C8D9ABEC}"
EndProject
Project("{2150E333-8FDC-42A3-9474-1A3956D46DE8}") = "Product", "Product", "{A7980C86-4910-4E0A-83C9-B236032725F1}"
EndProject
Project("{9A19103F-16F7-4668-BE54-9A1E7A4F7556}") = "Product.API", "Product\Product.API\Product.API.csproj", "{414C7145-471A-4502-95D9-C8C35C5CC83D}"
EndProject
Project("{9A19103F-16F7-4668-BE54-9A1E7A4F7556}") = "Product.Application", "Product\Product.Application\Product.Application.csproj", "{BD62487A-D4FC-43A1-8480-E125EBDAAA60}"
EndProject
Project("{9A19103F-16F7-4668-BE54-9A1E7A4F7556}") = "Product.Domain", "Product\Product.Domain\Product.Domain.csproj", "{C89ACEFC-3E3B-4691-9F6A-5E3E8FBFF2D0}"
EndProject
Project("{9A19103F-16F7-4668-BE54-9A1E7A4F7556}") = "Product.Infrastructure", "Product\Product.Infrastructure\Product.Infrastructure.csproj", "{15E5C3A1-8FA7-4A16-A16A-EF2B6C94DD70}"
EndProject
Project("{2150E333-8FDC-42A3-9474-1A3956D46DE8}") = "Gateway", "Gateway", "{42627739-B30D-47B0-B967-805BE60274DF}"
EndProject
Project("{9A19103F-16F7-4668-BE54-9A1E7A4F7556}") = "APIGateway", "Gateway\APIGateway\APIGateway.csproj", "{9B723757-5263-4993-A7FB-70129BA84CEC}"
EndProject
Project("{2150E333-8FDC-42A3-9474-1A3956D46DE8}") = "RabbitMQ", "RabbitMQ", "{76965AEE-11C4-4957-9473-33A8456EFD89}"
EndProject
Project("{9A19103F-16F7-4668-BE54-9A1E7A4F7556}") = "MasstransitRabbitMQ.Producer.API", "RabbitMQ\MasstransitRabbitMQ.Producer.API\MasstransitRabbitMQ.Producer.API.csproj", "{66218170-3106-4B7C-9A68-9EC59DAC4060}"
EndProject
Project("{9A19103F-16F7-4668-BE54-9A1E7A4F7556}") = "MasstransitRabbitMQ.Contract", "RabbitMQ\MasstransitRabbitMQ.Contract\MasstransitRabbitMQ.Contract.csproj", "{BF05BA5A-DFB8-49F6-AADD-98D7C617B36A}"
EndProject
Project("{9A19103F-16F7-4668-BE54-9A1E7A4F7556}") = "MasstransitRabbitMQ.Consumer.API", "RabbitMQ\MasstransitRabbitMQ.Consumer.API\MasstransitRabbitMQ.Consumer.API.csproj", "{4C13EA31-C41C-49F0-9C6E-8A3911FD27AE}"
EndProject
Project("{2150E333-8FDC-42A3-9474-1A3956D46DE8}") = "Order", "Order", "{36152008-6CB7-4C56-BB76-E7B9651B7820}"
EndProject
Project("{FAE04EC0-301F-11D3-BF4B-00C04F79EFBC}") = "Order.Application", "Order\Order.Application\Order.Application.csproj", "{CE578109-4D12-4A43-8B25-22F47BAE2CA8}"
EndProject
Project("{FAE04EC0-301F-11D3-BF4B-00C04F79EFBC}") = "Order.Domain", "Order\Order.Domain\Order.Domain.csproj", "{6B3E8EE4-EB27-4E22-A864-F73C2FE2D576}"
EndProject
Project("{FAE04EC0-301F-11D3-BF4B-00C04F79EFBC}") = "Order.Infrastructure", "Order\Order.Infrastructure\Order.Infrastructure.csproj", "{967AE83B-1A54-4BE5-AA5D-4359E90630CA}"
EndProject
Project("{FAE04EC0-301F-11D3-BF4B-00C04F79EFBC}") = "Order.API", "Order\Order.API\Order.API.csproj", "{74454F39-837F-4A4A-8537-E2EC85D50DA8}"
EndProject
Global
	GlobalSection(SolutionConfigurationPlatforms) = preSolution
		Debug|Any CPU = Debug|Any CPU
		Release|Any CPU = Release|Any CPU
	EndGlobalSection
	GlobalSection(ProjectConfigurationPlatforms) = postSolution
		{5DF03A5C-ED20-4A60-9251-3C2D36154DC5}.Debug|Any CPU.ActiveCfg = Debug|Any CPU
		{5DF03A5C-ED20-4A60-9251-3C2D36154DC5}.Debug|Any CPU.Build.0 = Debug|Any CPU
		{5DF03A5C-ED20-4A60-9251-3C2D36154DC5}.Release|Any CPU.ActiveCfg = Release|Any CPU
		{5DF03A5C-ED20-4A60-9251-3C2D36154DC5}.Release|Any CPU.Build.0 = Release|Any CPU
		{38C57BD9-24FD-460B-B25A-3A22938AB5C4}.Debug|Any CPU.ActiveCfg = Debug|Any CPU
		{38C57BD9-24FD-460B-B25A-3A22938AB5C4}.Debug|Any CPU.Build.0 = Debug|Any CPU
		{38C57BD9-24FD-460B-B25A-3A22938AB5C4}.Release|Any CPU.ActiveCfg = Release|Any CPU
		{38C57BD9-24FD-460B-B25A-3A22938AB5C4}.Release|Any CPU.Build.0 = Release|Any CPU
		{65EA2248-0FD6-473B-B331-5B17193BDEC4}.Debug|Any CPU.ActiveCfg = Debug|Any CPU
		{65EA2248-0FD6-473B-B331-5B17193BDEC4}.Debug|Any CPU.Build.0 = Debug|Any CPU
		{65EA2248-0FD6-473B-B331-5B17193BDEC4}.Release|Any CPU.ActiveCfg = Release|Any CPU
		{65EA2248-0FD6-473B-B331-5B17193BDEC4}.Release|Any CPU.Build.0 = Release|Any CPU
		{6F98ACE1-F007-4C10-B8E5-9751C8D9ABEC}.Debug|Any CPU.ActiveCfg = Debug|Any CPU
		{6F98ACE1-F007-4C10-B8E5-9751C8D9ABEC}.Debug|Any CPU.Build.0 = Debug|Any CPU
		{6F98ACE1-F007-4C10-B8E5-9751C8D9ABEC}.Release|Any CPU.ActiveCfg = Release|Any CPU
		{6F98ACE1-F007-4C10-B8E5-9751C8D9ABEC}.Release|Any CPU.Build.0 = Release|Any CPU
		{414C7145-471A-4502-95D9-C8C35C5CC83D}.Debug|Any CPU.ActiveCfg = Debug|Any CPU
		{414C7145-471A-4502-95D9-C8C35C5CC83D}.Debug|Any CPU.Build.0 = Debug|Any CPU
		{414C7145-471A-4502-95D9-C8C35C5CC83D}.Release|Any CPU.ActiveCfg = Release|Any CPU
		{414C7145-471A-4502-95D9-C8C35C5CC83D}.Release|Any CPU.Build.0 = Release|Any CPU
		{BD62487A-D4FC-43A1-8480-E125EBDAAA60}.Debug|Any CPU.ActiveCfg = Debug|Any CPU
		{BD62487A-D4FC-43A1-8480-E125EBDAAA60}.Debug|Any CPU.Build.0 = Debug|Any CPU
		{BD62487A-D4FC-43A1-8480-E125EBDAAA60}.Release|Any CPU.ActiveCfg = Release|Any CPU
		{BD62487A-D4FC-43A1-8480-E125EBDAAA60}.Release|Any CPU.Build.0 = Release|Any CPU
		{C89ACEFC-3E3B-4691-9F6A-5E3E8FBFF2D0}.Debug|Any CPU.ActiveCfg = Debug|Any CPU
		{C89ACEFC-3E3B-4691-9F6A-5E3E8FBFF2D0}.Debug|Any CPU.Build.0 = Debug|Any CPU
		{C89ACEFC-3E3B-4691-9F6A-5E3E8FBFF2D0}.Release|Any CPU.ActiveCfg = Release|Any CPU
		{C89ACEFC-3E3B-4691-9F6A-5E3E8FBFF2D0}.Release|Any CPU.Build.0 = Release|Any CPU
		{15E5C3A1-8FA7-4A16-A16A-EF2B6C94DD70}.Debug|Any CPU.ActiveCfg = Debug|Any CPU
		{15E5C3A1-8FA7-4A16-A16A-EF2B6C94DD70}.Debug|Any CPU.Build.0 = Debug|Any CPU
		{15E5C3A1-8FA7-4A16-A16A-EF2B6C94DD70}.Release|Any CPU.ActiveCfg = Release|Any CPU
		{15E5C3A1-8FA7-4A16-A16A-EF2B6C94DD70}.Release|Any CPU.Build.0 = Release|Any CPU
		{9B723757-5263-4993-A7FB-70129BA84CEC}.Debug|Any CPU.ActiveCfg = Debug|Any CPU
		{9B723757-5263-4993-A7FB-70129BA84CEC}.Debug|Any CPU.Build.0 = Debug|Any CPU
		{9B723757-5263-4993-A7FB-70129BA84CEC}.Release|Any CPU.ActiveCfg = Release|Any CPU
		{9B723757-5263-4993-A7FB-70129BA84CEC}.Release|Any CPU.Build.0 = Release|Any CPU
		{66218170-3106-4B7C-9A68-9EC59DAC4060}.Debug|Any CPU.ActiveCfg = Debug|Any CPU
		{66218170-3106-4B7C-9A68-9EC59DAC4060}.Debug|Any CPU.Build.0 = Debug|Any CPU
		{66218170-3106-4B7C-9A68-9EC59DAC4060}.Release|Any CPU.ActiveCfg = Release|Any CPU
		{66218170-3106-4B7C-9A68-9EC59DAC4060}.Release|Any CPU.Build.0 = Release|Any CPU
		{BF05BA5A-DFB8-49F6-AADD-98D7C617B36A}.Debug|Any CPU.ActiveCfg = Debug|Any CPU
		{BF05BA5A-DFB8-49F6-AADD-98D7C617B36A}.Debug|Any CPU.Build.0 = Debug|Any CPU
		{BF05BA5A-DFB8-49F6-AADD-98D7C617B36A}.Release|Any CPU.ActiveCfg = Release|Any CPU
		{BF05BA5A-DFB8-49F6-AADD-98D7C617B36A}.Release|Any CPU.Build.0 = Release|Any CPU
		{4C13EA31-C41C-49F0-9C6E-8A3911FD27AE}.Debug|Any CPU.ActiveCfg = Debug|Any CPU
		{4C13EA31-C41C-49F0-9C6E-8A3911FD27AE}.Debug|Any CPU.Build.0 = Debug|Any CPU
		{4C13EA31-C41C-49F0-9C6E-8A3911FD27AE}.Release|Any CPU.ActiveCfg = Release|Any CPU
		{4C13EA31-C41C-49F0-9C6E-8A3911FD27AE}.Release|Any CPU.Build.0 = Release|Any CPU
		{CE578109-4D12-4A43-8B25-22F47BAE2CA8}.Debug|Any CPU.ActiveCfg = Debug|Any CPU
		{CE578109-4D12-4A43-8B25-22F47BAE2CA8}.Debug|Any CPU.Build.0 = Debug|Any CPU
		{CE578109-4D12-4A43-8B25-22F47BAE2CA8}.Release|Any CPU.ActiveCfg = Release|Any CPU
		{CE578109-4D12-4A43-8B25-22F47BAE2CA8}.Release|Any CPU.Build.0 = Release|Any CPU
		{6B3E8EE4-EB27-4E22-A864-F73C2FE2D576}.Debug|Any CPU.ActiveCfg = Debug|Any CPU
		{6B3E8EE4-EB27-4E22-A864-F73C2FE2D576}.Debug|Any CPU.Build.0 = Debug|Any CPU
		{6B3E8EE4-EB27-4E22-A864-F73C2FE2D576}.Release|Any CPU.ActiveCfg = Release|Any CPU
		{6B3E8EE4-EB27-4E22-A864-F73C2FE2D576}.Release|Any CPU.Build.0 = Release|Any CPU
		{967AE83B-1A54-4BE5-AA5D-4359E90630CA}.Debug|Any CPU.ActiveCfg = Debug|Any CPU
		{967AE83B-1A54-4BE5-AA5D-4359E90630CA}.Debug|Any CPU.Build.0 = Debug|Any CPU
		{967AE83B-1A54-4BE5-AA5D-4359E90630CA}.Release|Any CPU.ActiveCfg = Release|Any CPU
		{967AE83B-1A54-4BE5-AA5D-4359E90630CA}.Release|Any CPU.Build.0 = Release|Any CPU
		{74454F39-837F-4A4A-8537-E2EC85D50DA8}.Debug|Any CPU.ActiveCfg = Debug|Any CPU
		{74454F39-837F-4A4A-8537-E2EC85D50DA8}.Debug|Any CPU.Build.0 = Debug|Any CPU
		{74454F39-837F-4A4A-8537-E2EC85D50DA8}.Release|Any CPU.ActiveCfg = Release|Any CPU
		{74454F39-837F-4A4A-8537-E2EC85D50DA8}.Release|Any CPU.Build.0 = Release|Any CPU
	EndGlobalSection
	GlobalSection(SolutionProperties) = preSolution
		HideSolutionNode = FALSE
	EndGlobalSection
	GlobalSection(NestedProjects) = preSolution
		{5DF03A5C-ED20-4A60-9251-3C2D36154DC5} = {831A4035-6013-4D11-B005-6B159D7043DD}
		{38C57BD9-24FD-460B-B25A-3A22938AB5C4} = {831A4035-6013-4D11-B005-6B159D7043DD}
		{65EA2248-0FD6-473B-B331-5B17193BDEC4} = {831A4035-6013-4D11-B005-6B159D7043DD}
		{6F98ACE1-F007-4C10-B8E5-9751C8D9ABEC} = {831A4035-6013-4D11-B005-6B159D7043DD}
		{414C7145-471A-4502-95D9-C8C35C5CC83D} = {A7980C86-4910-4E0A-83C9-B236032725F1}
		{BD62487A-D4FC-43A1-8480-E125EBDAAA60} = {A7980C86-4910-4E0A-83C9-B236032725F1}
		{C89ACEFC-3E3B-4691-9F6A-5E3E8FBFF2D0} = {A7980C86-4910-4E0A-83C9-B236032725F1}
		{15E5C3A1-8FA7-4A16-A16A-EF2B6C94DD70} = {A7980C86-4910-4E0A-83C9-B236032725F1}
		{9B723757-5263-4993-A7FB-70129BA84CEC} = {42627739-B30D-47B0-B967-805BE60274DF}
		{66218170-3106-4B7C-9A68-9EC59DAC4060} = {76965AEE-11C4-4957-9473-33A8456EFD89}
		{BF05BA5A-DFB8-49F6-AADD-98D7C617B36A} = {76965AEE-11C4-4957-9473-33A8456EFD89}
		{4C13EA31-C41C-49F0-9C6E-8A3911FD27AE} = {76965AEE-11C4-4957-9473-33A8456EFD89}
		{CE578109-4D12-4A43-8B25-22F47BAE2CA8} = {36152008-6CB7-4C56-BB76-E7B9651B7820}
		{6B3E8EE4-EB27-4E22-A864-F73C2FE2D576} = {36152008-6CB7-4C56-BB76-E7B9651B7820}
		{967AE83B-1A54-4BE5-AA5D-4359E90630CA} = {36152008-6CB7-4C56-BB76-E7B9651B7820}
		{74454F39-837F-4A4A-8537-E2EC85D50DA8} = {36152008-6CB7-4C56-BB76-E7B9651B7820}
	EndGlobalSection
	GlobalSection(ExtensibilityGlobals) = postSolution
		SolutionGuid = {C4F00906-90C0-4CDB-AE97-14DC30CBEEF2}
	EndGlobalSection
EndGlobal
